// !$*UTF8*$!
{
	archiveVersion = 1;
	classes = {
	};
	objectVersion = 46;
	objects = {

/* Begin PBXBuildFile section */
		4E67669F1A71B4280025BC08 /* main.m in Sources */ = {isa = PBXBuildFile; fileRef = 4E67669E1A71B4280025BC08 /* main.m */; };
		4E6766A21A71B4280025BC08 /* AppDelegate.m in Sources */ = {isa = PBXBuildFile; fileRef = 4E6766A11A71B4280025BC08 /* AppDelegate.m */; };
		4E6766A51A71B4280025BC08 /* ViewController.m in Sources */ = {isa = PBXBuildFile; fileRef = 4E6766A41A71B4280025BC08 /* ViewController.m */; };
		4E6766A81A71B4280025BC08 /* Main.storyboard in Resources */ = {isa = PBXBuildFile; fileRef = 4E6766A61A71B4280025BC08 /* Main.storyboard */; };
		4E6766AA1A71B4280025BC08 /* Images.xcassets in Resources */ = {isa = PBXBuildFile; fileRef = 4E6766A91A71B4280025BC08 /* Images.xcassets */; };
		4E6766AD1A71B4280025BC08 /* LaunchScreen.xib in Resources */ = {isa = PBXBuildFile; fileRef = 4E6766AB1A71B4280025BC08 /* LaunchScreen.xib */; };
		4E6766B91A71B4280025BC08 /* Git_TestTests.m in Sources */ = {isa = PBXBuildFile; fileRef = 4E6766B81A71B4280025BC08 /* Git_TestTests.m */; };
/* End PBXBuildFile section */

/* Begin PBXContainerItemProxy section */
		4E6766B31A71B4280025BC08 /* PBXContainerItemProxy */ = {
			isa = PBXContainerItemProxy;
			containerPortal = 4E6766911A71B4280025BC08 /* Project object */;
			proxyType = 1;
			remoteGlobalIDString = 4E6766981A71B4280025BC08;
			remoteInfo = "Git Test";
		};
/* End PBXContainerItemProxy section */

/* Begin PBXFileReference section */
		4E6766991A71B4280025BC08 /* Git Test.app */ = {isa = PBXFileReference; explicitFileType = wrapper.application; includeInIndex = 0; path = "Git Test.app"; sourceTree = BUILT_PRODUCTS_DIR; };
		4E67669D1A71B4280025BC08 /* Info.plist */ = {isa = PBXFileReference; lastKnownFileType = text.plist.xml; path = Info.plist; sourceTree = "<group>"; };
		4E67669E1A71B4280025BC08 /* main.m */ = {isa = PBXFileReference; lastKnownFileType = sourcecode.c.objc; path = main.m; sourceTree = "<group>"; };
		4E6766A01A71B4280025BC08 /* AppDelegate.h */ = {isa = PBXFileReference; lastKnownFileType = sourcecode.c.h; path = AppDelegate.h; sourceTree = "<group>"; };
		4E6766A11A71B4280025BC08 /* AppDelegate.m */ = {isa = PBXFileReference; lastKnownFileType = sourcecode.c.objc; path = AppDelegate.m; sourceTree = "<group>"; };
		4E6766A31A71B4280025BC08 /* ViewController.h */ = {isa = PBXFileReference; lastKnownFileType = sourcecode.c.h; path = ViewController.h; sourceTree = "<group>"; };
		4E6766A41A71B4280025BC08 /* ViewController.m */ = {isa = PBXFileReference; lastKnownFileType = sourcecode.c.objc; path = ViewController.m; sourceTree = "<group>"; };
		4E6766A71A71B4280025BC08 /* Base */ = {isa = PBXFileReference; lastKnownFileType = file.storyboard; name = Base; path = Base.lproj/Main.storyboard; sourceTree = "<group>"; };
		4E6766A91A71B4280025BC08 /* Images.xcassets */ = {isa = PBXFileReference; lastKnownFileType = folder.assetcatalog; path = Images.xcassets; sourceTree = "<group>"; };
		4E6766AC1A71B4280025BC08 /* Base */ = {isa = PBXFileReference; lastKnownFileType = file.xib; name = Base; path = Base.lproj/LaunchScreen.xib; sourceTree = "<group>"; };
		4E6766B21A71B4280025BC08 /* Git TestTests.xctest */ = {isa = PBXFileReference; explicitFileType = wrapper.cfbundle; includeInIndex = 0; path = "Git TestTests.xctest"; sourceTree = BUILT_PRODUCTS_DIR; };
		4E6766B71A71B4280025BC08 /* Info.plist */ = {isa = PBXFileReference; lastKnownFileType = text.plist.xml; path = Info.plist; sourceTree = "<group>"; };
		4E6766B81A71B4280025BC08 /* Git_TestTests.m */ = {isa = PBXFileReference; lastKnownFileType = sourcecode.c.objc; path = Git_TestTests.m; sourceTree = "<group>"; };
/* End PBXFileReference section */

/* Begin PBXFrameworksBuildPhase section */
		4E6766961A71B4280025BC08 /* Frameworks */ = {
			isa = PBXFrameworksBuildPhase;
			buildActionMask = 2147483647;
			files = (
			);
			runOnlyForDeploymentPostprocessing = 0;
		};
		4E6766AF1A71B4280025BC08 /* Frameworks */ = {
			isa = PBXFrameworksBuildPhase;
			buildActionMask = 2147483647;
			files = (
			);
			runOnlyForDeploymentPostprocessing = 0;
		};
/* End PBXFrameworksBuildPhase section */

/* Begin PBXGroup section */
		4E6766901A71B4280025BC08 = {
			isa = PBXGroup;
			children = (
				4E67669B1A71B4280025BC08 /* Git Test */,
				4E6766B51A71B4280025BC08 /* Git TestTests */,
				4E67669A1A71B4280025BC08 /* Products */,
			);
			sourceTree = "<group>";
		};
		4E67669A1A71B4280025BC08 /* Products */ = {
			isa = PBXGroup;
			children = (
				4E6766991A71B4280025BC08 /* Git Test.app */,
				4E6766B21A71B4280025BC08 /* Git TestTests.xctest */,
			);
			name = Products;
			sourceTree = "<group>";
		};
		4E67669B1A71B4280025BC08 /* Git Test */ = {
			isa = PBXGroup;
			children = (
				4E6766A01A71B4280025BC08 /* AppDelegate.h */,
				4E6766A11A71B4280025BC08 /* AppDelegate.m */,
				4E6766A31A71B4280025BC08 /* ViewController.h */,
				4E6766A41A71B4280025BC08 /* ViewController.m */,
				4E6766A61A71B4280025BC08 /* Main.storyboard */,
				4E6766A91A71B4280025BC08 /* Images.xcassets */,
				4E6766AB1A71B4280025BC08 /* LaunchScreen.xib */,
				4E67669C1A71B4280025BC08 /* Supporting Files */,
			);
			path = "Git Test";
			sourceTree = "<group>";
		};
		4E67669C1A71B4280025BC08 /* Supporting Files */ = {
			isa = PBXGroup;
			children = (
				4E67669D1A71B4280025BC08 /* Info.plist */,
				4E67669E1A71B4280025BC08 /* main.m */,
			);
			name = "Supporting Files";
			sourceTree = "<group>";
		};
		4E6766B51A71B4280025BC08 /* Git TestTests */ = {
			isa = PBXGroup;
			children = (
				4E6766B81A71B4280025BC08 /* Git_TestTests.m */,
				4E6766B61A71B4280025BC08 /* Supporting Files */,
			);
			path = "Git TestTests";
			sourceTree = "<group>";
		};
		4E6766B61A71B4280025BC08 /* Supporting Files */ = {
			isa = PBXGroup;
			children = (
				4E6766B71A71B4280025BC08 /* Info.plist */,
			);
			name = "Supporting Files";
			sourceTree = "<group>";
		};
/* End PBXGroup section */

/* Begin PBXNativeTarget section */
		4E6766981A71B4280025BC08 /* Git Test */ = {
			isa = PBXNativeTarget;
			buildConfigurationList = 4E6766BC1A71B4280025BC08 /* Build configuration list for PBXNativeTarget "Git Test" */;
			buildPhases = (
				4E6766951A71B4280025BC08 /* Sources */,
				4E6766961A71B4280025BC08 /* Frameworks */,
				4E6766971A71B4280025BC08 /* Resources */,
			);
			buildRules = (
			);
			dependencies = (
			);
			name = "Git Test";
			productName = "Git Test";
			productReference = 4E6766991A71B4280025BC08 /* Git Test.app */;
			productType = "com.apple.product-type.application";
		};
		4E6766B11A71B4280025BC08 /* Git TestTests */ = {
			isa = PBXNativeTarget;
			buildConfigurationList = 4E6766BF1A71B4280025BC08 /* Build configuration list for PBXNativeTarget "Git TestTests" */;
			buildPhases = (
				4E6766AE1A71B4280025BC08 /* Sources */,
				4E6766AF1A71B4280025BC08 /* Frameworks */,
				4E6766B01A71B4280025BC08 /* Resources */,
			);
			buildRules = (
			);
			dependencies = (
				4E6766B41A71B4280025BC08 /* PBXTargetDependency */,
			);
			name = "Git TestTests";
			productName = "Git TestTests";
			productReference = 4E6766B21A71B4280025BC08 /* Git TestTests.xctest */;
			productType = "com.apple.product-type.bundle.unit-test";
		};
/* End PBXNativeTarget section */

/* Begin PBXProject section */
		4E6766911A71B4280025BC08 /* Project object */ = {
			isa = PBXProject;
			attributes = {
				LastUpgradeCheck = 0610;
				ORGANIZATIONNAME = "Giordany Orellana";
				TargetAttributes = {
					4E6766981A71B4280025BC08 = {
						CreatedOnToolsVersion = 6.1.1;
					};
					4E6766B11A71B4280025BC08 = {
						CreatedOnToolsVersion = 6.1.1;
						TestTargetID = 4E6766981A71B4280025BC08;
					};
				};
			};
			buildConfigurationList = 4E6766941A71B4280025BC08 /* Build configuration list for PBXProject "Git Test" */;
			compatibilityVersion = "Xcode 3.2";
			developmentRegion = English;
			hasScannedForEncodings = 0;
			knownRegions = (
				en,
				Base,
			);
			mainGroup = 4E6766901A71B4280025BC08;
			productRefGroup = 4E67669A1A71B4280025BC08 /* Products */;
			projectDirPath = "";
			projectRoot = "";
			targets = (
				4E6766981A71B4280025BC08 /* Git Test */,
				4E6766B11A71B4280025BC08 /* Git TestTests */,
			);
		};
/* End PBXProject section */

/* Begin PBXResourcesBuildPhase section */
		4E6766971A71B4280025BC08 /* Resources */ = {
			isa = PBXResourcesBuildPhase;
			buildActionMask = 2147483647;
			files = (
				4E6766A81A71B4280025BC08 /* Main.storyboard in Resources */,
				4E6766AD1A71B4280025BC08 /* LaunchScreen.xib in Resources */,
				4E6766AA1A71B4280025BC08 /* Images.xcassets in Resources */,
			);
			runOnlyForDeploymentPostprocessing = 0;
		};
		4E6766B01A71B4280025BC08 /* Resources */ = {
			isa = PBXResourcesBuildPhase;
			buildActionMask = 2147483647;
			files = (
			);
			runOnlyForDeploymentPostprocessing = 0;
		};
/* End PBXResourcesBuildPhase section */

/* Begin PBXSourcesBuildPhase section */
		4E6766951A71B4280025BC08 /* Sources */ = {
			isa = PBXSourcesBuildPhase;
			buildActionMask = 2147483647;
			files = (
				4E6766A51A71B4280025BC08 /* ViewController.m in Sources */,
				4E6766A21A71B4280025BC08 /* AppDelegate.m in Sources */,
				4E67669F1A71B4280025BC08 /* main.m in Sources */,
			);
			runOnlyForDeploymentPostprocessing = 0;
		};
		4E6766AE1A71B4280025BC08 /* Sources */ = {
			isa = PBXSourcesBuildPhase;
			buildActionMask = 2147483647;
			files = (
				4E6766B91A71B4280025BC08 /* Git_TestTests.m in Sources */,
			);
			runOnlyForDeploymentPostprocessing = 0;
		};
/* End PBXSourcesBuildPhase section */

/* Begin PBXTargetDependency section */
		4E6766B41A71B4280025BC08 /* PBXTargetDependency */ = {
			isa = PBXTargetDependency;
			target = 4E6766981A71B4280025BC08 /* Git Test */;
			targetProxy = 4E6766B31A71B4280025BC08 /* PBXContainerItemProxy */;
		};
/* End PBXTargetDependency section */

/* Begin PBXVariantGroup section */
		4E6766A61A71B4280025BC08 /* Main.storyboard */ = {
			isa = PBXVariantGroup;
			children = (
				4E6766A71A71B4280025BC08 /* Base */,
			);
			name = Main.storyboard;
			sourceTree = "<group>";
		};
		4E6766AB1A71B4280025BC08 /* LaunchScreen.xib */ = {
			isa = PBXVariantGroup;
			children = (
				4E6766AC1A71B4280025BC08 /* Base */,
			);
			name = LaunchScreen.xib;
			sourceTree = "<group>";
		};
/* End PBXVariantGroup section */

/* Begin XCBuildConfiguration section */
		4E6766BA1A71B4280025BC08 /* Debug */ = {
			isa = XCBuildConfiguration;
			buildSettings = {
				ALWAYS_SEARCH_USER_PATHS = NO;
				CLANG_CXX_LANGUAGE_STANDARD = "gnu++0x";
				CLANG_CXX_LIBRARY = "libc++";
				CLANG_ENABLE_MODULES = YES;
				CLANG_ENABLE_OBJC_ARC = YES;
				CLANG_WARN_BOOL_CONVERSION = YES;
				CLANG_WARN_CONSTANT_CONVERSION = YES;
				CLANG_WARN_DIRECT_OBJC_ISA_USAGE = YES_ERROR;
				CLANG_WARN_EMPTY_BODY = YES;
				CLANG_WARN_ENUM_CONVERSION = YES;
				CLANG_WARN_INT_CONVERSION = YES;
				CLANG_WARN_OBJC_ROOT_CLASS = YES_ERROR;
				CLANG_WARN_UNREACHABLE_CODE = YES;
				CLANG_WARN__DUPLICATE_METHOD_MATCH = YES;
				"CODE_SIGN_IDENTITY[sdk=iphoneos*]" = "iPhone Developer";
				COPY_PHASE_STRIP = NO;
				ENABLE_STRICT_OBJC_MSGSEND = YES;
				GCC_C_LANGUAGE_STANDARD = gnu99;
				GCC_DYNAMIC_NO_PIC = NO;
				GCC_OPTIMIZATION_LEVEL = 0;
				GCC_PREPROCESSOR_DEFINITIONS = (
					"DEBUG=1",
					"$(inherited)",
				);
				GCC_SYMBOLS_PRIVATE_EXTERN = NO;
				GCC_WARN_64_TO_32_BIT_CONVERSION = YES;
				GCC_WARN_ABOUT_RETURN_TYPE = YES_ERROR;
				GCC_WARN_UNDECLARED_SELECTOR = YES;
				GCC_WARN_UNINITIALIZED_AUTOS = YES_AGGRESSIVE;
				GCC_WARN_UNUSED_FUNCTION = YES;
				GCC_WARN_UNUSED_VARIABLE = YES;
				IPHONEOS_DEPLOYMENT_TARGET = 8.1;
				MTL_ENABLE_DEBUG_INFO = YES;
				ONLY_ACTIVE_ARCH = YES;
				SDKROOT = iphoneos;
			};
			name = Debug;
		};
		4E6766BB1A71B4280025BC08 /* Release */ = {
			isa = XCBuildConfiguration;
			buildSettings = {
				ALWAYS_SEARCH_USER_PATHS = NO;
				CLANG_CXX_LANGUAGE_STANDARD = "gnu++0x";
				CLANG_CXX_LIBRARY = "libc++";
				CLANG_ENABLE_MODULES = YES;
				CLANG_ENABLE_OBJC_ARC = YES;
				CLANG_WARN_BOOL_CONVERSION = YES;
				CLANG_WARN_CONSTANT_CONVERSION = YES;
				CLANG_WARN_DIRECT_OBJC_ISA_USAGE = YES_ERROR;
				CLANG_WARN_EMPTY_BODY = YES;
				CLANG_WARN_ENUM_CONVERSION = YES;
				CLANG_WARN_INT_CONVERSION = YES;
				CLANG_WARN_OBJC_ROOT_CLASS = YES_ERROR;
				CLANG_WARN_UNREACHABLE_CODE = YES;
				CLANG_WARN__DUPLICATE_METHOD_MATCH = YES;
				"CODE_SIGN_IDENTITY[sdk=iphoneos*]" = "iPhone Developer";
				COPY_PHASE_STRIP = YES;
				ENABLE_NS_ASSERTIONS = NO;
				ENABLE_STRICT_OBJC_MSGSEND = YES;
				GCC_C_LANGUAGE_STANDARD = gnu99;
				GCC_WARN_64_TO_32_BIT_CONVERSION = YES;
				GCC_WARN_ABOUT_RETURN_TYPE = YES_ERROR;
				GCC_WARN_UNDECLARED_SELECTOR = YES;
				GCC_WARN_UNINITIALIZED_AUTOS = YES_AGGRESSIVE;
				GCC_WARN_UNUSED_FUNCTION = YES;
				GCC_WARN_UNUSED_VARIABLE = YES;
				IPHONEOS_DEPLOYMENT_TARGET = 8.1;
				MTL_ENABLE_DEBUG_INFO = NO;
				SDKROOT = iphoneos;
				VALIDATE_PRODUCT = YES;
			};
			name = Release;
		};
		4E6766BD1A71B4280025BC08 /* Debug */ = {
			isa = XCBuildConfiguration;
			buildSettings = {
				ASSETCATALOG_COMPILER_APPICON_NAME = AppIcon;
				INFOPLIST_FILE = "Git Test/Info.plist";
				LD_RUNPATH_SEARCH_PATHS = "$(inherited) @executable_path/Frameworks";
				PRODUCT_NAME = "$(TARGET_NAME)";
			};
			name = Debug;
		};
		4E6766BE1A71B4280025BC08 /* Release */ = {
			isa = XCBuildConfiguration;
			buildSettings = {
				ASSETCATALOG_COMPILER_APPICON_NAME = AppIcon;
				INFOPLIST_FILE = "Git Test/Info.plist";
				LD_RUNPATH_SEARCH_PATHS = "$(inherited) @executable_path/Frameworks";
				PRODUCT_NAME = "$(TARGET_NAME)";
			};
			name = Release;
		};
		4E6766C01A71B4280025BC08 /* Debug */ = {
			isa = XCBuildConfiguration;
			buildSettings = {
				BUNDLE_LOADER = "$(TEST_HOST)";
				FRAMEWORK_SEARCH_PATHS = (
					"$(SDKROOT)/Developer/Library/Frameworks",
					"$(inherited)",
				);
				GCC_PREPROCESSOR_DEFINITIONS = (
					"DEBUG=1",
					"$(inherited)",
				);
				INFOPLIST_FILE = "Git TestTests/Info.plist";
				LD_RUNPATH_SEARCH_PATHS = "$(inherited) @executable_path/Frameworks @loader_path/Frameworks";
				PRODUCT_NAME = "$(TARGET_NAME)";
				TEST_HOST = "$(BUILT_PRODUCTS_DIR)/Git Test.app/Git Test";
			};
			name = Debug;
		};
		4E6766C11A71B4280025BC08 /* Release */ = {
			isa = XCBuildConfiguration;
			buildSettings = {
				BUNDLE_LOADER = "$(TEST_HOST)";
				FRAMEWORK_SEARCH_PATHS = (
					"$(SDKROOT)/Developer/Library/Frameworks",
					"$(inherited)",
				);
				INFOPLIST_FILE = "Git TestTests/Info.plist";
				LD_RUNPATH_SEARCH_PATHS = "$(inherited) @executable_path/Frameworks @loader_path/Frameworks";
				PRODUCT_NAME = "$(TARGET_NAME)";
				TEST_HOST = "$(BUILT_PRODUCTS_DIR)/Git Test.app/Git Test";
			};
			name = Release;
		};
/* End XCBuildConfiguration section */

/* Begin XCConfigurationList section */
		4E6766941A71B4280025BC08 /* Build configuration list for PBXProject "Git Test" */ = {
			isa = XCConfigurationList;
			buildConfigurations = (
				4E6766BA1A71B4280025BC08 /* Debug */,
				4E6766BB1A71B4280025BC08 /* Release */,
			);
			defaultConfigurationIsVisible = 0;
			defaultConfigurationName = Release;
		};
		4E6766BC1A71B4280025BC08 /* Build configuration list for PBXNativeTarget "Git Test" */ = {
			isa = XCConfigurationList;
			buildConfigurations = (
				4E6766BD1A71B4280025BC08 /* Debug */,
				4E6766BE1A71B4280025BC08 /* Release */,
			);
			defaultConfigurationIsVisible = 0;
		};
		4E6766BF1A71B4280025BC08 /* Build configuration list for PBXNativeTarget "Git TestTests" */ = {
			isa = XCConfigurationList;
			buildConfigurations = (
				4E6766C01A71B4280025BC08 /* Debug */,
				4E6766C11A71B4280025BC08 /* Release */,
			);
			defaultConfigurationIsVisible = 0;
		};
/* End XCConfigurationList section */
	};
	rootObject = 4E6766911A71B4280025BC08 /* Project object */;
}
